Microsoft Visual Studio Solution File, Format Version 12.00
# Visual Studio Version 17
VisualStudioVersion = 17.5.2.0
MinimumVisualStudioVersion = 10.0.40219.1
Project("{FAE04EC0-301F-11D3-BF4B-00C04F79EFBC}") = "ConsoleAntonioRocha", "ConsoleAntonioRocha.csproj", "{F2C5717A-715F-AE96-B363-1403B9C05402}"
EndProject
Global
	GlobalSection(SolutionConfigurationPlatforms) = preSolution
		Debug|Any CPU = Debug|Any CPU
		Release|Any CPU = Release|Any CPU
	EndGlobalSection
	GlobalSection(ProjectConfigurationPlatforms) = postSolution
		{F2C5717A-715F-AE96-B363-1403B9C05402}.Debug|Any CPU.ActiveCfg = Debug|Any CPU
		{F2C5717A-715F-AE96-B363-1403B9C05402}.Debug|Any CPU.Build.0 = Debug|Any CPU
		{F2C5717A-715F-AE96-B363-1403B9C05402}.Release|Any CPU.ActiveCfg = Release|Any CPU
		{F2C5717A-715F-AE96-B363-1403B9C05402}.Release|Any CPU.Build.0 = Release|Any CPU
	EndGlobalSection
	GlobalSection(SolutionProperties) = preSolution
		HideSolutionNode = FALSE
	EndGlobalSection
	GlobalSection(ExtensibilityGlobals) = postSolution
		SolutionGuid = {EF7EF3F9-898F-469B-89EA-C31CAA62FF09}
	EndGlobalSection
EndGlobal
